
Microsoft Visual Studio Solution File, Format Version 12.00
Project("{FAE04EC0-301F-11D3-BF4B-00C04F79EFBC}") = "tennisTest", "tennisTest\tennisTest.csproj", "{8CCE5D41-9193-496A-BB1C-09ADDF8E599C}"
EndProject
Global
	GlobalSection(SolutionConfigurationPlatforms) = preSolution
		Debug|Any CPU = Debug|Any CPU
		Release|Any CPU = Release|Any CPU
	EndGlobalSection
	GlobalSection(ProjectConfigurationPlatforms) = postSolution
		{8CCE5D41-9193-496A-BB1C-09ADDF8E599C}.Debug|Any CPU.ActiveCfg = Debug|Any CPU
		{8CCE5D41-9193-496A-BB1C-09ADDF8E599C}.Debug|Any CPU.Build.0 = Debug|Any CPU
		{8CCE5D41-9193-496A-BB1C-09ADDF8E599C}.Release|Any CPU.ActiveCfg = Release|Any CPU
		{8CCE5D41-9193-496A-BB1C-09ADDF8E599C}.Release|Any CPU.Build.0 = Release|Any CPU
	EndGlobalSection
EndGlobal
